
Microsoft Visual Studio Solution File, Format Version 11.00
# Visual Studio 2010
Project("{FAE04EC0-301F-11D3-BF4B-00C04F79EFBC}") = "Asylum-libs", "Asylum-libs\Asylum-libs.csproj", "{D78DE58A-0371-49FD-897C-B6560FAFB014}"
EndProject
Global
	GlobalSection(SolutionConfigurationPlatforms) = preSolution
		Debug|Any CPU = Debug|Any CPU
		Release|Any CPU = Release|Any CPU
	EndGlobalSection
	GlobalSection(ProjectConfigurationPlatforms) = postSolution
		{D78DE58A-0371-49FD-897C-B6560FAFB014}.Debug|Any CPU.ActiveCfg = Debug|Any CPU
		{D78DE58A-0371-49FD-897C-B6560FAFB014}.Debug|Any CPU.Build.0 = Debug|Any CPU
		{D78DE58A-0371-49FD-897C-B6560FAFB014}.Release|Any CPU.ActiveCfg = Release|Any CPU
		{D78DE58A-0371-49FD-897C-B6560FAFB014}.Release|Any CPU.Build.0 = Release|Any CPU
	EndGlobalSection
	GlobalSection(SolutionProperties) = preSolution
		HideSolutionNode = FALSE
	EndGlobalSection
EndGlobal
